
Microsoft Visual Studio Solution File, Format Version 12.00
# Visual Studio Version 17
VisualStudioVersion = 17.8.34525.116
MinimumVisualStudioVersion = 10.0.40219.1
Project("{FAE04EC0-301F-11D3-BF4B-00C04F79EFBC}") = "FormularioFB1", "FormularioFB1.csproj", "{8901424B-984F-4188-98A1-90E756069A03}"
EndProject
Global
	GlobalSection(SolutionConfigurationPlatforms) = preSolution
		Debug|Any CPU = Debug|Any CPU
		Release|Any CPU = Release|Any CPU
	EndGlobalSection
	GlobalSection(ProjectConfigurationPlatforms) = postSolution
		{8901424B-984F-4188-98A1-90E756069A03}.Debug|Any CPU.ActiveCfg = Debug|Any CPU
		{8901424B-984F-4188-98A1-90E756069A03}.Debug|Any CPU.Build.0 = Debug|Any CPU
		{8901424B-984F-4188-98A1-90E756069A03}.Release|Any CPU.ActiveCfg = Release|Any CPU
		{8901424B-984F-4188-98A1-90E756069A03}.Release|Any CPU.Build.0 = Release|Any CPU
	EndGlobalSection
	GlobalSection(SolutionProperties) = preSolution
		HideSolutionNode = FALSE
	EndGlobalSection
	GlobalSection(ExtensibilityGlobals) = postSolution
		SolutionGuid = {359B815A-C2D9-4643-8998-A178688C7C4E}
	EndGlobalSection
EndGlobal
